
Microsoft Visual Studio Solution File, Format Version 12.00
# Visual Studio Version 16
VisualStudioVersion = 16.0.30413.136
MinimumVisualStudioVersion = 10.0.40219.1
Project("{FAE04EC0-301F-11D3-BF4B-00C04F79EFBC}") = "ex05", "ex05\ex05.csproj", "{1C844C5D-E0BF-468D-A8B4-A82DEEC97870}"
EndProject
Global
	GlobalSection(SolutionConfigurationPlatforms) = preSolution
		Debug|Any CPU = Debug|Any CPU
		Release|Any CPU = Release|Any CPU
	EndGlobalSection
	GlobalSection(ProjectConfigurationPlatforms) = postSolution
		{1C844C5D-E0BF-468D-A8B4-A82DEEC97870}.Debug|Any CPU.ActiveCfg = Debug|Any CPU
		{1C844C5D-E0BF-468D-A8B4-A82DEEC97870}.Debug|Any CPU.Build.0 = Debug|Any CPU
		{1C844C5D-E0BF-468D-A8B4-A82DEEC97870}.Release|Any CPU.ActiveCfg = Release|Any CPU
		{1C844C5D-E0BF-468D-A8B4-A82DEEC97870}.Release|Any CPU.Build.0 = Release|Any CPU
	EndGlobalSection
	GlobalSection(SolutionProperties) = preSolution
		HideSolutionNode = FALSE
	EndGlobalSection
	GlobalSection(ExtensibilityGlobals) = postSolution
		SolutionGuid = {FCBD89A7-5500-4DE9-A683-0E8141B04409}
	EndGlobalSection
EndGlobal
