
Microsoft Visual Studio Solution File, Format Version 12.00
# Visual Studio Version 16
VisualStudioVersion = 16.0.30517.126
MinimumVisualStudioVersion = 10.0.40219.1
Project("{FAE04EC0-301F-11D3-BF4B-00C04F79EFBC}") = "Course", "Course\Course.csproj", "{B0B068FF-0B07-49EA-A198-6E174869225A}"
EndProject
Global
	GlobalSection(SolutionConfigurationPlatforms) = preSolution
		Debug|Any CPU = Debug|Any CPU
		Release|Any CPU = Release|Any CPU
	EndGlobalSection
	GlobalSection(ProjectConfigurationPlatforms) = postSolution
		{B0B068FF-0B07-49EA-A198-6E174869225A}.Debug|Any CPU.ActiveCfg = Debug|Any CPU
		{B0B068FF-0B07-49EA-A198-6E174869225A}.Debug|Any CPU.Build.0 = Debug|Any CPU
		{B0B068FF-0B07-49EA-A198-6E174869225A}.Release|Any CPU.ActiveCfg = Release|Any CPU
		{B0B068FF-0B07-49EA-A198-6E174869225A}.Release|Any CPU.Build.0 = Release|Any CPU
	EndGlobalSection
	GlobalSection(SolutionProperties) = preSolution
		HideSolutionNode = FALSE
	EndGlobalSection
	GlobalSection(ExtensibilityGlobals) = postSolution
		SolutionGuid = {92236651-C588-4953-ADF1-8D05678847FA}
	EndGlobalSection
EndGlobal
